
Microsoft Visual Studio Solution File, Format Version 12.00
# Visual Studio Version 16
VisualStudioVersion = 16.0.30204.135
MinimumVisualStudioVersion = 10.0.40219.1
Project("{FAE04EC0-301F-11D3-BF4B-00C04F79EFBC}") = "OneHandAPI", "OneHandAPI\OneHandAPI.csproj", "{DC394022-F4EB-472C-8E39-F8E0BDD30917}"
EndProject
Project("{FAE04EC0-301F-11D3-BF4B-00C04F79EFBC}") = "OneHandWeb", "OnHandWeb\OneHandWeb.csproj", "{C653AE81-E20D-4B9C-B2D1-3180A581F307}"
EndProject
Project("{FAE04EC0-301F-11D3-BF4B-00C04F79EFBC}") = "OneHandAdminPanel", "OneHandAdminPanel\OneHandAdminPanel.csproj", "{05C2646F-137D-4349-9E82-717607604FAC}"
EndProject
Global
	GlobalSection(SolutionConfigurationPlatforms) = preSolution
		Debug|Any CPU = Debug|Any CPU
		Release|Any CPU = Release|Any CPU
	EndGlobalSection
	GlobalSection(ProjectConfigurationPlatforms) = postSolution
		{DC394022-F4EB-472C-8E39-F8E0BDD30917}.Debug|Any CPU.ActiveCfg = Debug|Any CPU
		{DC394022-F4EB-472C-8E39-F8E0BDD30917}.Debug|Any CPU.Build.0 = Debug|Any CPU
		{DC394022-F4EB-472C-8E39-F8E0BDD30917}.Release|Any CPU.ActiveCfg = Release|Any CPU
		{DC394022-F4EB-472C-8E39-F8E0BDD30917}.Release|Any CPU.Build.0 = Release|Any CPU
		{C653AE81-E20D-4B9C-B2D1-3180A581F307}.Debug|Any CPU.ActiveCfg = Debug|Any CPU
		{C653AE81-E20D-4B9C-B2D1-3180A581F307}.Debug|Any CPU.Build.0 = Debug|Any CPU
		{C653AE81-E20D-4B9C-B2D1-3180A581F307}.Release|Any CPU.ActiveCfg = Release|Any CPU
		{C653AE81-E20D-4B9C-B2D1-3180A581F307}.Release|Any CPU.Build.0 = Release|Any CPU
		{05C2646F-137D-4349-9E82-717607604FAC}.Debug|Any CPU.ActiveCfg = Debug|Any CPU
		{05C2646F-137D-4349-9E82-717607604FAC}.Debug|Any CPU.Build.0 = Debug|Any CPU
		{05C2646F-137D-4349-9E82-717607604FAC}.Release|Any CPU.ActiveCfg = Release|Any CPU
		{05C2646F-137D-4349-9E82-717607604FAC}.Release|Any CPU.Build.0 = Release|Any CPU
	EndGlobalSection
	GlobalSection(SolutionProperties) = preSolution
		HideSolutionNode = FALSE
	EndGlobalSection
	GlobalSection(ExtensibilityGlobals) = postSolution
		SolutionGuid = {EB9EBB73-1A53-44AA-9EAD-E2FF4D857C8D}
	EndGlobalSection
EndGlobal
